# THIS IS AN AUTOGENERATED FILE. DO NOT EDIT THIS FILE DIRECTLY.
# yarn lockfile v1


"@babel/code-frame@^7.0.0", "@babel/code-frame@^7.10.3":
  version "7.10.3"
  resolved "https://registry.npm.taobao.org/@babel/code-frame/download/@babel/code-frame-7.10.3.tgz#324bcfd8d35cd3d47dae18cde63d752086435e9a"
  dependencies:
    "@babel/highlight" "^7.10.3"

"@babel/compat-data@^7.10.1", "@babel/compat-data@^7.10.3":
  version "7.10.3"
  resolved "https://registry.npm.taobao.org/@babel/compat-data/download/@babel/compat-data-7.10.3.tgz?cache=0&sync_timestamp=1592627747183&other_urls=https%3A%2F%2Fregistry.npm.taobao.org%2F%40babel%2Fcompat-data%2Fdownload%2F%40babel%2Fcompat-data-7.10.3.tgz#9af3e033f36e8e2d6e47570db91e64a846f5d382"
  dependencies:
    browserslist "^4.12.0"
    invariant "^2.2.4"
    semver "^5.5.0"

"@babel/core@^7.4.4":
  version "7.10.3"
  resolved "https://registry.npm.taobao.org/@babel/core/download/@babel/core-7.10.3.tgz#73b0e8ddeec1e3fdd7a2de587a60e17c440ec77e"
  dependencies:
    "@babel/code-frame" "^7.10.3"
    "@babel/generator" "^7.10.3"
    "@babel/helper-module-transforms" "^7.10.1"
    "@babel/helpers" "^7.10.1"
    "@babel/parser" "^7.10.3"
    "@babel/template" "^7.10.3"
    "@babel/traverse" "^7.10.3"
    "@babel/types" "^7.10.3"
    convert-source-map "^1.7.0"
    debug "^4.1.0"
    gensync "^1.0.0-beta.1"
    json5 "^2.1.2"
    lodash "^4.17.13"
    resolve "^1.3.2"
    semver "^5.4.1"
    source-map "^0.5.0"

"@babel/generator@^7.10.3", "@babel/generator@^7.4.4":
  version "7.10.3"
  resolved "https://registry.npm.taobao.org/@babel/generator/download/@babel/generator-7.10.3.tgz#32b9a0d963a71d7a54f5f6c15659c3dbc2a523a5"
  dependencies:
    "@babel/types" "^7.10.3"
    jsesc "^2.5.1"
    lodash "^4.17.13"
    source-map "^0.5.0"

"@babel/helper-annotate-as-pure@^7.10.1":
  version "7.10.1"
  resolved "https://registry.npm.taobao.org/@babel/helper-annotate-as-pure/download/@babel/helper-annotate-as-pure-7.10.1.tgz?cache=0&sync_timestamp=1590617495113&other_urls=https%3A%2F%2Fregistry.npm.taobao.org%2F%40babel%2Fhelper-annotate-as-pure%2Fdownload%2F%40babel%2Fhelper-annotate-as-pure-7.10.1.tgz#f6d08acc6f70bbd59b436262553fb2e259a1a268"
  dependencies:
    "@babel/types" "^7.10.1"

"@babel/helper-builder-binary-assignment-operator-visitor@^7.10.1":
  version "7.10.3"
  resolved "https://registry.npm.taobao.org/@babel/helper-builder-binary-assignment-operator-visitor/download/@babel/helper-builder-binary-assignment-operator-visitor-7.10.3.tgz?cache=0&sync_timestamp=1592600116320&other_urls=https%3A%2F%2Fregistry.npm.taobao.org%2F%40babel%2Fhelper-builder-binary-assignment-operator-visitor%2Fdownload%2F%40babel%2Fhelper-builder-binary-assignment-operator-visitor-7.10.3.tgz#4e9012d6701bef0030348d7f9c808209bd3e8687"
  dependencies:
    "@babel/helper-explode-assignable-expression" "^7.10.3"
    "@babel/types" "^7.10.3"

"@babel/helper-builder-react-jsx-experimental@^7.10.1":
  version "7.10.1"
  resolved "https://registry.npm.taobao.org/@babel/helper-builder-react-jsx-experimental/download/@babel/helper-builder-react-jsx-experimental-7.10.1.tgz#9a7d58ad184d3ac3bafb1a452cec2bad7e4a0bc8"
  dependencies:
    "@babel/helper-annotate-as-pure" "^7.10.1"
    "@babel/helper-module-imports" "^7.10.1"
    "@babel/types" "^7.10.1"

"@babel/helper-builder-react-jsx@^7.10.3":
  version "7.10.3"
  resolved "https://registry.npm.taobao.org/@babel/helper-builder-react-jsx/download/@babel/helper-builder-react-jsx-7.10.3.tgz?cache=0&other_urls=https%3A%2F%2Fregistry.npm.taobao.org%2F%40babel%2Fhelper-builder-react-jsx%2Fdownload%2F%40babel%2Fhelper-builder-react-jsx-7.10.3.tgz#62c4b7bb381153a0a5f8d83189b94b9fb5384fc5"
  dependencies:
    "@babel/helper-annotate-as-pure" "^7.10.1"
    "@babel/types" "^7.10.3"

"@babel/helper-compilation-targets@^7.10.2":
  version "7.10.2"
  resolved "https://registry.npm.taobao.org/@babel/helper-compilation-targets/download/@babel/helper-compilation-targets-7.10.2.tgz?cache=0&sync_timestamp=1590869015082&other_urls=https%3A%2F%2Fregistry.npm.taobao.org%2F%40babel%2Fhelper-compilation-targets%2Fdownload%2F%40babel%2Fhelper-compilation-targets-7.10.2.tgz#a17d9723b6e2c750299d2a14d4637c76936d8285"
  dependencies:
    "@babel/compat-data" "^7.10.1"
    browserslist "^4.12.0"
    invariant "^2.2.4"
    levenary "^1.1.1"
    semver "^5.5.0"

"@babel/helper-create-class-features-plugin@^7.10.1":
  version "7.10.3"
  resolved "https://registry.npm.taobao.org/@babel/helper-create-class-features-plugin/download/@babel/helper-create-class-features-plugin-7.10.3.tgz#2783daa6866822e3d5ed119163b50f0fc3ae4b35"
  dependencies:
    "@babel/helper-function-name" "^7.10.3"
    "@babel/helper-member-expression-to-functions" "^7.10.3"
    "@babel/helper-optimise-call-expression" "^7.10.3"
    "@babel/helper-plugin-utils" "^7.10.3"
    "@babel/helper-replace-supers" "^7.10.1"
    "@babel/helper-split-export-declaration" "^7.10.1"

"@babel/helper-create-regexp-features-plugin@^7.10.1", "@babel/helper-create-regexp-features-plugin@^7.8.3":
  version "7.10.1"
  resolved "https://registry.npm.taobao.org/@babel/helper-create-regexp-features-plugin/download/@babel/helper-create-regexp-features-plugin-7.10.1.tgz?cache=0&sync_timestamp=1590617496931&other_urls=https%3A%2F%2Fregistry.npm.taobao.org%2F%40babel%2Fhelper-create-regexp-features-plugin%2Fdownload%2F%40babel%2Fhelper-create-regexp-features-plugin-7.10.1.tgz#1b8feeab1594cbcfbf3ab5a3bbcabac0468efdbd"
  dependencies:
    "@babel/helper-annotate-as-pure" "^7.10.1"
    "@babel/helper-regex" "^7.10.1"
    regexpu-core "^4.7.0"

"@babel/helper-define-map@^7.10.3":
  version "7.10.3"
  resolved "https://registry.npm.taobao.org/@babel/helper-define-map/download/@babel/helper-define-map-7.10.3.tgz#d27120a5e57c84727b30944549b2dfeca62401a8"
  dependencies:
    "@babel/helper-function-name" "^7.10.3"
    "@babel/types" "^7.10.3"
    lodash "^4.17.13"

"@babel/helper-explode-assignable-expression@^7.10.3":
  version "7.10.3"
  resolved "https://registry.npm.taobao.org/@babel/helper-explode-assignable-expression/download/@babel/helper-explode-assignable-expression-7.10.3.tgz?cache=0&sync_timestamp=1592600107679&other_urls=https%3A%2F%2Fregistry.npm.taobao.org%2F%40babel%2Fhelper-explode-assignable-expression%2Fdownload%2F%40babel%2Fhelper-explode-assignable-expression-7.10.3.tgz#9dc14f0cfa2833ea830a9c8a1c742b6e7461b05e"
  dependencies:
    "@babel/traverse" "^7.10.3"
    "@babel/types" "^7.10.3"

"@babel/helper-function-name@^7.10.1", "@babel/helper-function-name@^7.10.3":
  version "7.10.3"
  resolved "https://registry.npm.taobao.org/@babel/helper-function-name/download/@babel/helper-function-name-7.10.3.tgz?cache=0&sync_timestamp=1592600145297&other_urls=https%3A%2F%2Fregistry.npm.taobao.org%2F%40babel%2Fhelper-function-name%2Fdownload%2F%40babel%2Fhelper-function-name-7.10.3.tgz#79316cd75a9fa25ba9787ff54544307ed444f197"
  dependencies:
    "@babel/helper-get-function-arity" "^7.10.3"
    "@babel/template" "^7.10.3"
    "@babel/types" "^7.10.3"

"@babel/helper-get-function-arity@^7.10.1", "@babel/helper-get-function-arity@^7.10.3":
  version "7.10.3"
  resolved "https://registry.npm.taobao.org/@babel/helper-